
Microsoft Visual Studio Solution File, Format Version 12.00
# Visual Studio Version 16
VisualStudioVersion = 16.0.31112.23
MinimumVisualStudioVersion = 10.0.40219.1
Project("{FAE04EC0-301F-11D3-BF4B-00C04F79EFBC}") = "EmploymentCenter", "EmploymentCenter\EmploymentCenter.csproj", "{EB86AF3C-6D63-4980-8BD8-18D850248E0D}"
EndProject
Global
	GlobalSection(SolutionConfigurationPlatforms) = preSolution
		Debug|Any CPU = Debug|Any CPU
		Release|Any CPU = Release|Any CPU
	EndGlobalSection
	GlobalSection(ProjectConfigurationPlatforms) = postSolution
		{EB86AF3C-6D63-4980-8BD8-18D850248E0D}.Debug|Any CPU.ActiveCfg = Debug|Any CPU
		{EB86AF3C-6D63-4980-8BD8-18D850248E0D}.Debug|Any CPU.Build.0 = Debug|Any CPU
		{EB86AF3C-6D63-4980-8BD8-18D850248E0D}.Release|Any CPU.ActiveCfg = Release|Any CPU
		{EB86AF3C-6D63-4980-8BD8-18D850248E0D}.Release|Any CPU.Build.0 = Release|Any CPU
	EndGlobalSection
	GlobalSection(SolutionProperties) = preSolution
		HideSolutionNode = FALSE
	EndGlobalSection
	GlobalSection(ExtensibilityGlobals) = postSolution
		SolutionGuid = {659F8FA0-7150-411E-A8F7-DB24387EAF7F}
	EndGlobalSection
EndGlobal
